<?xml version="1.0" encoding="utf-8"?>
<Project ToolsVersion="4.0" xmlns="http://schemas.microsoft.com/developer/msbuild/2003">
  <ItemGroup>
    <Filter Include="Source Files">
      <UniqueIdentifier>{4FC737F1-C7A5-4376-A066-2A32D752A2FF}</UniqueIdentifier>
      <Extensions>cpp;c;cc;cxx;def;odl;idl;hpj;bat;asm;asmx</Extensions>
    </Filter>
    <Filter Include="Header Files">
      <UniqueIdentifier>{93995380-89BD-4b04-88EB-625FBE52EBFB}</UniqueIdentifier>
      <Extensions>h;hh;hpp;hxx;hm;inl;inc;xsd</Extensions>
    </Filter>
    <Filter Include="Resource Files">
      <UniqueIdentifier>{67DA6AB6-F800-4c08-8B7A-83BB121AAD01}</UniqueIdentifier>
      <Extensions>rc;ico;cur;bmp;dlg;rc2;rct;bin;rgs;gif;jpg;jpeg;jpe;resx;tiff;tif;png;wav;mfcribbon-ms</Extensions>
    </Filter>
    <Filter Include="Source Files\Engine">
      <UniqueIdentifier>{4f72e594-77e0-40da-b237-4d357c4f3d6f}</UniqueIdentifier>
    </Filter>
    <Filter Include="Header Files\Engine">
      <UniqueIdentifier>{5646377e-00c9-4634-8521-d3a2990b1fdc}</UniqueIdentifier>
    </Filter>
    <Filter Include="Header Files\Graphics">
      <UniqueIdentifier>{87db66fd-e62e-4ef0-bb43-82f65d2987ac}</UniqueIdentifier>
    </Filter>
    <Filter Include="Source Files\Graphics">
      <UniqueIdentifier>{7f4a566c-8c4d-4f69-b26c-e574361ddc9e}</UniqueIdentifier>
    </Filter>
    <Filter Include="Header Files\Graphics\Vulkan">
      <UniqueIdentifier>{13ddce77-f7a3-4c85-a640-c7f99b7f2476}</UniqueIdentifier>
    </Filter>
    <Filter Include="Source Files\Graphics\Vulkan">
      <UniqueIdentifier>{66f2c366-f4ba-4c2b-976c-a33105ed9c20}</UniqueIdentifier>
    </Filter>
    <Filter Include="Header Files\Windowing">
      <UniqueIdentifier>{88f1c892-4bc7-42e7-9ee6-8995b551cab1}</UniqueIdentifier>
    </Filter>
    <Filter Include="Source Files\Windowing">
      <UniqueIdentifier>{45e41b2e-9a6d-48fa-836b-58ba423d11dc}</UniqueIdentifier>
    </Filter>
    <Filter Include="Header Files\Windowing\Sdl">
      <UniqueIdentifier>{a8537d8e-eb35-498c-afab-d54600977156}</UniqueIdentifier>
    </Filter>
    <Filter Include="Source Files\Windowing\Sdl">
      <UniqueIdentifier>{a5883e6d-22f2-44c4-91f7-0fd24c996c8e}</UniqueIdentifier>
    </Filter>
    <Filter Include="Header Files\Platform">
      <UniqueIdentifier>{dcacd691-5d9e-4076-a2e2-8535ec0bdffa}</UniqueIdentifier>
    </Filter>
    <Filter Include="Source Files\Platform">
      <UniqueIdentifier>{fbbeed2e-9536-47df-a533-190292037299}</UniqueIdentifier>
    </Filter>
    <Filter Include="Header Files\Platform\Sdl">
      <UniqueIdentifier>{45b8fd72-a3ee-4136-9a76-55013d01b3de}</UniqueIdentifier>
    </Filter>
    <Filter Include="Source Files\Platform\Sdl">
      <UniqueIdentifier>{8dd192e5-a0cb-4bf8-85ca-38ba5d5d3dc0}</UniqueIdentifier>
    </Filter>
    <Filter Include="Header Files\Types">
      <UniqueIdentifier>{71df9094-1da4-431f-939b-b8d60621066d}</UniqueIdentifier>
    </Filter>
    <Filter Include="Source Files\Components">
      <UniqueIdentifier>{5c500065-e978-4e77-881d-d66dbd290d49}</UniqueIdentifier>
    </Filter>
    <Filter Include="Header Files\Components">
      <UniqueIdentifier>{ffeee4a5-b3cc-4a84-ae68-bf0d3aad9253}</UniqueIdentifier>
    </Filter>
    <Filter Include="Source Files\Components\Camera">
      <UniqueIdentifier>{b4f738bf-970f-4740-a91e-fb4a11b4af5d}</UniqueIdentifier>
    </Filter>
    <Filter Include="Header Files\Components\Camera">
      <UniqueIdentifier>{47ace416-6250-4a5c-b273-143d3ddbd27e}</UniqueIdentifier>
    </Filter>
    <Filter Include="Header Files\Components\Transform">
      <UniqueIdentifier>{23dc04a9-065a-4541-b7b0-ce314b0398f9}</UniqueIdentifier>
    </Filter>
    <Filter Include="Source Files\Components\Transform">
      <UniqueIdentifier>{81ec6447-46a4-4ead-8a38-3d23a27c621e}</UniqueIdentifier>
    </Filter>
    <Filter Include="Header Files\Components\Rendering">
      <UniqueIdentifier>{d092b1ff-051d-49e6-93a9-6cff847ff6b8}</UniqueIdentifier>
    </Filter>
    <Filter Include="Source Files\Components\Rendering">
      <UniqueIdentifier>{fc98fbcf-8268-4855-babd-3450653bde70}</UniqueIdentifier>
    </Filter>
    <Filter Include="Header Files\Input">
      <UniqueIdentifier>{0bd8c044-6a2d-422d-9584-516ccc99636d}</UniqueIdentifier>
    </Filter>
    <Filter Include="Source Files\Input">
      <UniqueIdentifier>{4ce07887-5799-43bf-b9f1-2c19fb9dd2bd}</UniqueIdentifier>
    </Filter>
    <Filter Include="Source Files\Rendering">
      <UniqueIdentifier>{aef9dc74-5e2c-4812-9133-7d7afde906e5}</UniqueIdentifier>
    </Filter>
    <Filter Include="Header Files\Input\Sdl">
      <UniqueIdentifier>{478ebdb0-6601-46e2-b748-092c4e75cc52}</UniqueIdentifier>
    </Filter>
    <Filter Include="Source Files\Input\Sdl">
      <UniqueIdentifier>{5e7059ff-1896-4176-b1c0-e96b170ad55b}</UniqueIdentifier>
    </Filter>
    <Filter Include="Header Files\Resources">
      <UniqueIdentifier>{dffb84f3-d93e-44bd-8dd6-78de481af1c0}</UniqueIdentifier>
    </Filter>
    <Filter Include="Source Files\Resources">
      <UniqueIdentifier>{0ece482f-fe16-4f16-bb26-9d445f5d8676}</UniqueIdentifier>
    </Filter>
    <Filter Include="Header Files\Utilities">
      <UniqueIdentifier>{0735ea97-bf39-4c06-8cb4-dd6667f9451f}</UniqueIdentifier>
    </Filter>
    <Filter Include="Source Files\Utilities">
      <UniqueIdentifier>{fca21bf9-5605-48e6-91d8-7d134478c9ae}</UniqueIdentifier>
    </Filter>
    <Filter Include="Header Files\Resources\Types">
      <UniqueIdentifier>{3f941924-3dde-4d8b-8b78-225727ed003c}</UniqueIdentifier>
    </Filter>
    <Filter Include="Source Files\Resources\Types">
      <UniqueIdentifier>{0a16ee11-0977-4d71-aa39-972f211e68b1}</UniqueIdentifier>
    </Filter>
    <Filter Include="Header Files\Rendering">
      <UniqueIdentifier>{37f3275e-d51e-4d98-adeb-4298ee0c8fd2}</UniqueIdentifier>
    </Filter>
    <Filter Include="Header Files\Threading">
      <UniqueIdentifier>{4bbcf7d5-75ce-4e37-96f5-9ddac81ba92f}</UniqueIdentifier>
    </Filter>
    <Filter Include="Source Files\Types">
      <UniqueIdentifier>{8d73f38a-4f14-4f20-a52f-4d9ea7e6a564}</UniqueIdentifier>
    </Filter>
  </ItemGroup>
  <ItemGroup>
    <ClCompile Include="Engine\Engine.cpp">
      <Filter>Source Files\Engine</Filter>
    </ClCompile>
    <ClCompile Include="Windowing\Sdl\SdlWindow.cpp">
      <Filter>Source Files\Windowing\Sdl</Filter>
    </ClCompile>
    <ClCompile Include="Platform\Sdl\SdlPlatform.cpp">
      <Filter>Source Files\Platform\Sdl</Filter>
    </ClCompile>
    <ClCompile Include="Engine\Logging.cpp">
      <Filter>Source Files\Engine</Filter>
    </ClCompile>
    <ClCompile Include="Windowing\Window.cpp">
      <Filter>Source Files\Windowing</Filter>
    </ClCompile>
    <ClCompile Include="Graphics\Vulkan\VulkanGraphics.cpp">
      <Filter>Source Files\Graphics\Vulkan</Filter>
    </ClCompile>
    <ClCompile Include="Graphics\Vulkan\VulkanExtensions.cpp">
      <Filter>Source Files\Graphics\Vulkan</Filter>
    </ClCompile>
    <ClCompile Include="Graphics\Vulkan\VulkanDeviceInfo.cpp">
      <Filter>Source Files\Graphics\Vulkan</Filter>
    </ClCompile>
    <ClCompile Include="Graphics\Vulkan\VulkanExtensionInfo.cpp">
      <Filter>Source Files\Graphics\Vulkan</Filter>
    </ClCompile>
    <ClCompile Include="Graphics\Vulkan\VulkanShader.cpp">
      <Filter>Source Files\Graphics\Vulkan</Filter>
    </ClCompile>
    <ClCompile Include="Graphics\Vulkan\VulkanRenderPass.cpp">
      <Filter>Source Files\Graphics\Vulkan</Filter>
    </ClCompile>
    <ClCompile Include="Graphics\GraphicsRenderPass.cpp">
      <Filter>Source Files\Graphics</Filter>
    </ClCompile>
    <ClCompile Include="Graphics\Vulkan\VulkanFramebuffer.cpp">
      <Filter>Source Files\Graphics\Vulkan</Filter>
    </ClCompile>
    <ClCompile Include="Graphics\Vulkan\VulkanPipeline.cpp">
      <Filter>Source Files\Graphics\Vulkan</Filter>
    </ClCompile>
    <ClCompile Include="Graphics\GraphicsPipeline.cpp">
      <Filter>Source Files\Graphics</Filter>
    </ClCompile>
    <ClCompile Include="Graphics\Vulkan\VulkanImageView.cpp">
      <Filter>Source Files\Graphics\Vulkan</Filter>
    </ClCompile>
    <ClCompile Include="Graphics\Vulkan\VulkanImage.cpp">
      <Filter>Source Files\Graphics\Vulkan</Filter>
    </ClCompile>
    <ClCompile Include="Graphics\Vulkan\VulkanCommandBufferPool.cpp">
      <Filter>Source Files\Graphics\Vulkan</Filter>
    </ClCompile>
    <ClCompile Include="Graphics\Vulkan\VulkanCommandBuffer.cpp">
      <Filter>Source Files\Graphics\Vulkan</Filter>
    </ClCompile>
    <ClCompile Include="Graphics\GraphicsVertexBuffer.cpp">
      <Filter>Source Files\Graphics</Filter>
    </ClCompile>
    <ClCompile Include="Graphics\Vulkan\VulkanVertexBuffer.cpp">
      <Filter>Source Files\Graphics\Vulkan</Filter>
    </ClCompile>
    <ClCompile Include="Graphics\Vulkan\VulkanEnums.cpp">
      <Filter>Source Files\Graphics\Vulkan</Filter>
    </ClCompile>
    <ClCompile Include="Graphics\Vulkan\VulkanMemoryAllocator.cpp">
      <Filter>Source Files\Graphics\Vulkan</Filter>
    </ClCompile>
    <ClCompile Include="Graphics\Vulkan\VulkanIndexBuffer.cpp">
      <Filter>Source Files\Graphics\Vulkan</Filter>
    </ClCompile>
    <ClCompile Include="Graphics\Vulkan\VulkanResourceSetPool.cpp">
      <Filter>Source Files\Graphics\Vulkan</Filter>
    </ClCompile>
    <ClCompile Include="Graphics\GraphicsResourceSetPool.cpp">
      <Filter>Source Files\Graphics</Filter>
    </ClCompile>
    <ClCompile Include="Graphics\Vulkan\VulkanResourceSet.cpp">
      <Filter>Source Files\Graphics\Vulkan</Filter>
    </ClCompile>
    <ClCompile Include="Graphics\Vulkan\VulkanUniformBuffer.cpp">
      <Filter>Source Files\Graphics\Vulkan</Filter>
    </ClCompile>
    <ClCompile Include="Graphics\Vulkan\VulkanSampler.cpp">
      <Filter>Source Files\Graphics\Vulkan</Filter>
    </ClCompile>
    <ClCompile Include="Components\Entity.cpp">
      <Filter>Source Files\Components</Filter>
    </ClCompile>
    <ClCompile Include="Components\Component.cpp">
      <Filter>Source Files\Components</Filter>
    </ClCompile>
    <ClCompile Include="Components\Transform\TransformComponent.cpp">
      <Filter>Source Files\Components\Transform</Filter>
    </ClCompile>
    <ClCompile Include="Components\Camera\CameraViewComponent.cpp">
      <Filter>Source Files\Components\Camera</Filter>
    </ClCompile>
    <ClCompile Include="Components\Rendering\MeshComponent.cpp">
      <Filter>Source Files\Components\Rendering</Filter>
    </ClCompile>
    <ClCompile Include="Rendering\Renderer.cpp">
      <Filter>Source Files\Rendering</Filter>
    </ClCompile>
    <ClCompile Include="Input\Input.cpp">
      <Filter>Source Files\Input</Filter>
    </ClCompile>
    <ClCompile Include="Input\Sdl\SdlInput.cpp">
      <Filter>Source Files\Input\Sdl</Filter>
    </ClCompile>
    <ClCompile Include="Engine\GameInstance.cpp">
      <Filter>Source Files\Engine</Filter>
    </ClCompile>
    <ClCompile Include="Utilities\File.cpp">
      <Filter>Source Files\Utilities</Filter>
    </ClCompile>
    <ClCompile Include="Resources\ResourceManager.cpp">
      <Filter>Source Files\Resources</Filter>
    </ClCompile>
    <ClCompile Include="Resources\Types\TextureResourceLoader.cpp">
      <Filter>Source Files\Resources\Types</Filter>
    </ClCompile>
    <ClCompile Include="Types\String.cpp">
      <Filter>Source Files\Types</Filter>
    </ClCompile>
    <ClCompile Include="Resources\Types\Texture.cpp">
      <Filter>Source Files\Resources\Types</Filter>
    </ClCompile>
    <ClCompile Include="Resources\Types\Shader.cpp">
      <Filter>Source Files\Resources\Types</Filter>
    </ClCompile>
    <ClCompile Include="Resources\Types\ShaderResourceLoader.cpp">
      <Filter>Source Files\Resources\Types</Filter>
    </ClCompile>
    <ClCompile Include="Utilities\Enum.cpp">
      <Filter>Source Files\Utilities</Filter>
    </ClCompile>
    <ClCompile Include="Graphics\GraphicsEnums.cpp">
      <Filter>Source Files\Graphics</Filter>
    </ClCompile>
    <ClCompile Include="Resources\Types\Material.cpp">
      <Filter>Source Files\Resources\Types</Filter>
    </ClCompile>
    <ClCompile Include="Resources\Types\MaterialResourceLoader.cpp">
      <Filter>Source Files\Resources\Types</Filter>
    </ClCompile>
    <ClCompile Include="Resources\Types\Model.cpp">
      <Filter>Source Files\Resources\Types</Filter>
    </ClCompile>
    <ClCompile Include="Resources\Types\ModelResourceLoader.cpp">
      <Filter>Source Files\Resources\Types</Filter>
    </ClCompile>
  </ItemGroup>
  <ItemGroup>
    <ClInclude Include="Engine\Engine.h">
      <Filter>Header Files\Engine</Filter>
    </ClInclude>
    <ClInclude Include="Windowing\Window.h">
      <Filter>Header Files\Windowing</Filter>
    </ClInclude>
    <ClInclude Include="Windowing\Sdl\SdlWindow.h">
      <Filter>Header Files\Windowing\Sdl</Filter>
    </ClInclude>
    <ClInclude Include="Platform\Platform.h">
      <Filter>Header Files\Platform</Filter>
    </ClInclude>
    <ClInclude Include="Platform\Sdl\SdlPlatform.h">
      <Filter>Header Files\Platform\Sdl</Filter>
    </ClInclude>
    <ClInclude Include="Engine\Logging.h">
      <Filter>Header Files\Engine</Filter>
    </ClInclude>
    <ClInclude Include="Build.h">
      <Filter>Header Files</Filter>
    </ClInclude>
    <ClInclude Include="Graphics\Graphics.h">
      <Filter>Header Files\Graphics</Filter>
    </ClInclude>
    <ClInclude Include="Graphics\Vulkan\VulkanGraphics.h">
      <Filter>Header Files\Graphics\Vulkan</Filter>
    </ClInclude>
    <ClInclude Include="Types\String.h">
      <Filter>Header Files\Types</Filter>
    </ClInclude>
    <ClInclude Include="Types\Array.h">
      <Filter>Header Files\Types</Filter>
    </ClInclude>
    <ClInclude Include="Graphics\Vulkan\VulkanExtensions.h">
      <Filter>Header Files\Graphics\Vulkan</Filter>
    </ClInclude>
    <ClInclude Include="Graphics\Vulkan\VulkanDeviceInfo.h">
      <Filter>Header Files\Graphics\Vulkan</Filter>
    </ClInclude>
    <ClInclude Include="Graphics\Vulkan\VulkanExtensionInfo.h">
      <Filter>Header Files\Graphics\Vulkan</Filter>
    </ClInclude>
    <ClInclude Include="Graphics\GraphicsPipeline.h">
      <Filter>Header Files\Graphics</Filter>
    </ClInclude>
    <ClInclude Include="Graphics\GraphicsShader.h">
      <Filter>Header Files\Graphics</Filter>
    </ClInclude>
    <ClInclude Include="Graphics\Vulkan\VulkanShader.h">
      <Filter>Header Files\Graphics\Vulkan</Filter>
    </ClInclude>
    <ClInclude Include="Graphics\GraphicsRenderPass.h">
      <Filter>Header Files\Graphics</Filter>
    </ClInclude>
    <ClInclude Include="Graphics\Vulkan\VulkanRenderPass.h">
      <Filter>Header Files\Graphics\Vulkan</Filter>
    </ClInclude>
    <ClInclude Include="Graphics\GraphicsFramebuffer.h">
      <Filter>Header Files\Graphics</Filter>
    </ClInclude>
    <ClInclude Include="Graphics\Vulkan\VulkanFramebuffer.h">
      <Filter>Header Files\Graphics\Vulkan</Filter>
    </ClInclude>
    <ClInclude Include="Graphics\Vulkan\VulkanPipeline.h">
      <Filter>Header Files\Graphics\Vulkan</Filter>
    </ClInclude>
    <ClInclude Include="Graphics\Vulkan\VulkanImageView.h">
      <Filter>Header Files\Graphics\Vulkan</Filter>
    </ClInclude>
    <ClInclude Include="Graphics\GraphicsImageView.h">
      <Filter>Header Files\Graphics</Filter>
    </ClInclude>
    <ClInclude Include="Graphics\GraphicsImage.h">
      <Filter>Header Files\Graphics</Filter>
    </ClInclude>
    <ClInclude Include="Graphics\Vulkan\VulkanImage.h">
      <Filter>Header Files\Graphics\Vulkan</Filter>
    </ClInclude>
    <ClInclude Include="Graphics\GraphicsCommandBufferPool.h">
      <Filter>Header Files\Graphics</Filter>
    </ClInclude>
    <ClInclude Include="Graphics\GraphicsCommandBuffer.h">
      <Filter>Header Files\Graphics</Filter>
    </ClInclude>
    <ClInclude Include="Graphics\Vulkan\VulkanCommandBufferPool.h">
      <Filter>Header Files\Graphics\Vulkan</Filter>
    </ClInclude>
    <ClInclude Include="Graphics\Vulkan\VulkanCommandBuffer.h">
      <Filter>Header Files\Graphics\Vulkan</Filter>
    </ClInclude>
    <ClInclude Include="Graphics\GraphicsVertexBuffer.h">
      <Filter>Header Files\Graphics</Filter>
    </ClInclude>
    <ClInclude Include="Graphics\Vulkan\VulkanVertexBuffer.h">
      <Filter>Header Files\Graphics\Vulkan</Filter>
    </ClInclude>
    <ClInclude Include="Graphics\GraphicsEnums.h">
      <Filter>Header Files\Graphics</Filter>
    </ClInclude>
    <ClInclude Include="Graphics\Vulkan\VulkanEnums.h">
      <Filter>Header Files\Graphics\Vulkan</Filter>
    </ClInclude>
    <ClInclude Include="Graphics\Vulkan\VulkanMemoryAllocator.h">
      <Filter>Header Files\Graphics\Vulkan</Filter>
    </ClInclude>
    <ClInclude Include="Graphics\GraphicsIndexBuffer.h">
      <Filter>Header Files\Graphics</Filter>
    </ClInclude>
    <ClInclude Include="Graphics\Vulkan\VulkanIndexBuffer.h">
      <Filter>Header Files\Graphics\Vulkan</Filter>
    </ClInclude>
    <ClInclude Include="Graphics\GraphicsResourceSetPool.h">
      <Filter>Header Files\Graphics</Filter>
    </ClInclude>
    <ClInclude Include="Graphics\GraphicsResourceSet.h">
      <Filter>Header Files\Graphics</Filter>
    </ClInclude>
    <ClInclude Include="Graphics\Vulkan\VulkanResourceSetPool.h">
      <Filter>Header Files\Graphics\Vulkan</Filter>
    </ClInclude>
    <ClInclude Include="Graphics\Vulkan\VulkanResourceSet.h">
      <Filter>Header Files\Graphics\Vulkan</Filter>
    </ClInclude>
    <ClInclude Include="Graphics\GraphicsUniformBuffer.h">
      <Filter>Header Files\Graphics</Filter>
    </ClInclude>
    <ClInclude Include="Graphics\Vulkan\VulkanUniformBuffer.h">
      <Filter>Header Files\Graphics\Vulkan</Filter>
    </ClInclude>
    <ClInclude Include="Types\Color.h">
      <Filter>Header Files\Types</Filter>
    </ClInclude>
    <ClInclude Include="Graphics\GraphicsSampler.h">
      <Filter>Header Files\Graphics</Filter>
    </ClInclude>
    <ClInclude Include="Graphics\Vulkan\VulkanSampler.h">
      <Filter>Header Files\Graphics\Vulkan</Filter>
    </ClInclude>
    <ClInclude Include="Components\Entity.h">
      <Filter>Header Files\Components</Filter>
    </ClInclude>
    <ClInclude Include="Components\Component.h">
      <Filter>Header Files\Components</Filter>
    </ClInclude>
    <ClInclude Include="Components\Transform\TransformComponent.h">
      <Filter>Header Files\Components\Transform</Filter>
    </ClInclude>
    <ClInclude Include="Components\Camera\CameraViewComponent.h">
      <Filter>Header Files\Components\Camera</Filter>
    </ClInclude>
    <ClInclude Include="Components\Rendering\MeshComponent.h">
      <Filter>Header Files\Components\Rendering</Filter>
    </ClInclude>
    <ClInclude Include="Input\Input.h">
      <Filter>Header Files\Input</Filter>
    </ClInclude>
    <ClInclude Include="Input\Sdl\SdlInput.h">
      <Filter>Header Files\Input\Sdl</Filter>
    </ClInclude>
    <ClInclude Include="Engine\GameInstance.h">
      <Filter>Header Files\Engine</Filter>
    </ClInclude>
    <ClInclude Include="Types\Math.h">
      <Filter>Header Files\Types</Filter>
    </ClInclude>
    <ClInclude Include="Utilities\File.h">
      <Filter>Header Files\Utilities</Filter>
    </ClInclude>
    <ClInclude Include="Resources\ResourceManager.h">
      <Filter>Header Files\Resources</Filter>
    </ClInclude>
    <ClInclude Include="Resources\ResourceLoader.h">
      <Filter>Header Files\Resources</Filter>
    </ClInclude>
    <ClInclude Include="Resources\Resource.h">
      <Filter>Header Files\Resources</Filter>
    </ClInclude>
    <ClInclude Include="Resources\Types\Texture.h">
      <Filter>Header Files\Resources\Types</Filter>
    </ClInclude>
    <ClInclude Include="Resources\Types\TextureResourceLoader.h">
      <Filter>Header Files\Resources\Types</Filter>
    </ClInclude>
    <ClInclude Include="Rendering\Renderer.h">
      <Filter>Header Files\Rendering</Filter>
    </ClInclude>
    <ClInclude Include="Types\Dictionary.h">
      <Filter>Header Files\Types</Filter>
    </ClInclude>
    <ClInclude Include="Threading\Semaphore.h">
      <Filter>Header Files\Threading</Filter>
    </ClInclude>
    <ClInclude Include="Types\Queue.h">
      <Filter>Header Files\Types</Filter>
    </ClInclude>
    <ClInclude Include="Utilities\Json.h">
      <Filter>Header Files\Utilities</Filter>
    </ClInclude>
    <ClInclude Include="Resources\Types\Shader.h">
      <Filter>Header Files\Resources\Types</Filter>
    </ClInclude>
    <ClInclude Include="Resources\Types\ShaderResourceLoader.h">
      <Filter>Header Files\Resources\Types</Filter>
    </ClInclude>
    <ClInclude Include="Utilities\Enum.h">
      <Filter>Header Files\Utilities</Filter>
    </ClInclude>
    <ClInclude Include="Graphics\EGraphicsPipelineStage.inc">
      <Filter>Header Files\Graphics</Filter>
    </ClInclude>
    <ClInclude Include="Utilities\EnumImplementation.h">
      <Filter>Header Files\Utilities</Filter>
    </ClInclude>
    <ClInclude Include="Resources\Types\MaterialResourceLoader.h">
      <Filter>Header Files\Resources\Types</Filter>
    </ClInclude>
    <ClInclude Include="Resources\Types\Material.h">
      <Filter>Header Files\Resources\Types</Filter>
    </ClInclude>
    <ClInclude Include="Resources\Types\Model.h">
      <Filter>Header Files\Resources\Types</Filter>
    </ClInclude>
    <ClInclude Include="Resources\Types\ModelResourceLoader.h">
      <Filter>Header Files\Resources\Types</Filter>
    </ClInclude>
  </ItemGroup>
  <ItemGroup>
    <None Include="Graphics\EGraphicsAccessMask.inc">
      <Filter>Header Files\Graphics</Filter>
    </None>
    <None Include="Graphics\EGraphicsAddressMode.inc">
      <Filter>Header Files\Graphics</Filter>
    </None>
    <None Include="Graphics\EGraphicsBindingFormat.inc">
      <Filter>Header Files\Graphics</Filter>
    </None>
    <None Include="Graphics\EGraphicsBindingType.inc">
      <Filter>Header Files\Graphics</Filter>
    </None>
    <None Include="Graphics\EGraphicsFilter.inc">
      <Filter>Header Files\Graphics</Filter>
    </None>
    <None Include="Graphics\EGraphicsFormat.inc">
      <Filter>Header Files\Graphics</Filter>
    </None>
    <None Include="Graphics\EGraphicsMipMapMode.inc">
      <Filter>Header Files\Graphics</Filter>
    </None>
    <None Include="Graphics\EGraphicsPresentMode.inc">
      <Filter>Header Files\Graphics</Filter>
    </None>
    <None Include="Engine\ELogSeverity.inc">
      <Filter>Header Files\Engine</Filter>
    </None>
    <None Include="Engine\ELogCategory.inc">
      <Filter>Header Files\Engine</Filter>
    </None>
    <None Include="Resources\Types\EShaderVertexStreamBinding.inc">
      <Filter>Header Files\Resources\Types</Filter>
    </None>
  </ItemGroup>
</Project>