<?xml version="1.0" encoding="utf-8"?>
<Project ToolsVersion="4.0" xmlns="http://schemas.microsoft.com/developer/msbuild/2003">
  <ItemGroup>
    <Filter Include="Source Files">
      <UniqueIdentifier>{4FC737F1-C7A5-4376-A066-2A32D752A2FF}</UniqueIdentifier>
      <Extensions>cpp;c;cc;cxx;def;odl;idl;hpj;bat;asm;asmx</Extensions>
    </Filter>
    <Filter Include="Header Files">
      <UniqueIdentifier>{93995380-89BD-4b04-88EB-625FBE52EBFB}</UniqueIdentifier>
      <Extensions>h;hh;hpp;hxx;hm;inl;inc;xsd</Extensions>
    </Filter>
    <Filter Include="Resource Files">
      <UniqueIdentifier>{67DA6AB6-F800-4c08-8B7A-83BB121AAD01}</UniqueIdentifier>
      <Extensions>rc;ico;cur;bmp;dlg;rc2;rct;bin;rgs;gif;jpg;jpeg;jpe;resx;tiff;tif;png;wav;mfcribbon-ms</Extensions>
    </Filter>
    <Filter Include="Source Files\Engine">
      <UniqueIdentifier>{4f72e594-77e0-40da-b237-4d357c4f3d6f}</UniqueIdentifier>
    </Filter>
    <Filter Include="Header Files\Engine">
      <UniqueIdentifier>{5646377e-00c9-4634-8521-d3a2990b1fdc}</UniqueIdentifier>
    </Filter>
    <Filter Include="Header Files\Graphics">
      <UniqueIdentifier>{87db66fd-e62e-4ef0-bb43-82f65d2987ac}</UniqueIdentifier>
    </Filter>
    <Filter Include="Source Files\Graphics">
      <UniqueIdentifier>{7f4a566c-8c4d-4f69-b26c-e574361ddc9e}</UniqueIdentifier>
    </Filter>
    <Filter Include="Header Files\Graphics\Vulkan">
      <UniqueIdentifier>{13ddce77-f7a3-4c85-a640-c7f99b7f2476}</UniqueIdentifier>
    </Filter>
    <Filter Include="Source Files\Graphics\Vulkan">
      <UniqueIdentifier>{66f2c366-f4ba-4c2b-976c-a33105ed9c20}</UniqueIdentifier>
    </Filter>
    <Filter Include="Header Files\Windowing">
      <UniqueIdentifier>{88f1c892-4bc7-42e7-9ee6-8995b551cab1}</UniqueIdentifier>
    </Filter>
    <Filter Include="Source Files\Windowing">
      <UniqueIdentifier>{45e41b2e-9a6d-48fa-836b-58ba423d11dc}</UniqueIdentifier>
    </Filter>
    <Filter Include="Header Files\Windowing\Sdl">
      <UniqueIdentifier>{a8537d8e-eb35-498c-afab-d54600977156}</UniqueIdentifier>
    </Filter>
    <Filter Include="Source Files\Windowing\Sdl">
      <UniqueIdentifier>{a5883e6d-22f2-44c4-91f7-0fd24c996c8e}</UniqueIdentifier>
    </Filter>
    <Filter Include="Header Files\Platform">
      <UniqueIdentifier>{dcacd691-5d9e-4076-a2e2-8535ec0bdffa}</UniqueIdentifier>
    </Filter>
    <Filter Include="Source Files\Platform">
      <UniqueIdentifier>{fbbeed2e-9536-47df-a533-190292037299}</UniqueIdentifier>
    </Filter>
    <Filter Include="Header Files\Platform\Sdl">
      <UniqueIdentifier>{45b8fd72-a3ee-4136-9a76-55013d01b3de}</UniqueIdentifier>
    </Filter>
    <Filter Include="Source Files\Platform\Sdl">
      <UniqueIdentifier>{8dd192e5-a0cb-4bf8-85ca-38ba5d5d3dc0}</UniqueIdentifier>
    </Filter>
    <Filter Include="Header Files\Types">
      <UniqueIdentifier>{71df9094-1da4-431f-939b-b8d60621066d}</UniqueIdentifier>
    </Filter>
    <Filter Include="Header Files\Input">
      <UniqueIdentifier>{0bd8c044-6a2d-422d-9584-516ccc99636d}</UniqueIdentifier>
    </Filter>
    <Filter Include="Source Files\Input">
      <UniqueIdentifier>{4ce07887-5799-43bf-b9f1-2c19fb9dd2bd}</UniqueIdentifier>
    </Filter>
    <Filter Include="Source Files\Rendering">
      <UniqueIdentifier>{aef9dc74-5e2c-4812-9133-7d7afde906e5}</UniqueIdentifier>
    </Filter>
    <Filter Include="Header Files\Input\Sdl">
      <UniqueIdentifier>{478ebdb0-6601-46e2-b748-092c4e75cc52}</UniqueIdentifier>
    </Filter>
    <Filter Include="Source Files\Input\Sdl">
      <UniqueIdentifier>{5e7059ff-1896-4176-b1c0-e96b170ad55b}</UniqueIdentifier>
    </Filter>
    <Filter Include="Header Files\Resources">
      <UniqueIdentifier>{dffb84f3-d93e-44bd-8dd6-78de481af1c0}</UniqueIdentifier>
    </Filter>
    <Filter Include="Source Files\Resources">
      <UniqueIdentifier>{0ece482f-fe16-4f16-bb26-9d445f5d8676}</UniqueIdentifier>
    </Filter>
    <Filter Include="Header Files\Utilities">
      <UniqueIdentifier>{0735ea97-bf39-4c06-8cb4-dd6667f9451f}</UniqueIdentifier>
    </Filter>
    <Filter Include="Source Files\Utilities">
      <UniqueIdentifier>{fca21bf9-5605-48e6-91d8-7d134478c9ae}</UniqueIdentifier>
    </Filter>
    <Filter Include="Header Files\Resources\Types">
      <UniqueIdentifier>{3f941924-3dde-4d8b-8b78-225727ed003c}</UniqueIdentifier>
    </Filter>
    <Filter Include="Source Files\Resources\Types">
      <UniqueIdentifier>{0a16ee11-0977-4d71-aa39-972f211e68b1}</UniqueIdentifier>
    </Filter>
    <Filter Include="Header Files\Rendering">
      <UniqueIdentifier>{37f3275e-d51e-4d98-adeb-4298ee0c8fd2}</UniqueIdentifier>
    </Filter>
    <Filter Include="Header Files\Threading">
      <UniqueIdentifier>{4bbcf7d5-75ce-4e37-96f5-9ddac81ba92f}</UniqueIdentifier>
    </Filter>
    <Filter Include="Source Files\Types">
      <UniqueIdentifier>{8d73f38a-4f14-4f20-a52f-4d9ea7e6a564}</UniqueIdentifier>
    </Filter>
    <Filter Include="Source Files\ThirdParty">
      <UniqueIdentifier>{8bb22c9d-8b8e-49f6-bb75-d86b92bf0e37}</UniqueIdentifier>
    </Filter>
    <Filter Include="Source Files\ThirdParty\imgui">
      <UniqueIdentifier>{731e9c25-9430-4aee-8214-02a3669f6455}</UniqueIdentifier>
    </Filter>
    <Filter Include="Header Files\ThirdParty">
      <UniqueIdentifier>{d61e1616-d26a-425c-b696-088ce0f62b36}</UniqueIdentifier>
    </Filter>
    <Filter Include="Header Files\ThirdParty\imgui">
      <UniqueIdentifier>{b743bc6c-a316-42c0-a7ef-97909ab694ae}</UniqueIdentifier>
    </Filter>
    <Filter Include="Header Files\UI">
      <UniqueIdentifier>{3e333c2c-9ca6-43ae-aaab-d0f1dd9dad88}</UniqueIdentifier>
    </Filter>
    <Filter Include="Source Files\UI">
      <UniqueIdentifier>{1f1fbf85-bead-4317-8161-8cec99e438c7}</UniqueIdentifier>
    </Filter>
    <Filter Include="Header Files\Physics">
      <UniqueIdentifier>{80e44a82-56dd-44b9-8616-e3c6970410f7}</UniqueIdentifier>
    </Filter>
    <Filter Include="Source Files\Physics">
      <UniqueIdentifier>{c1dbc8cf-0762-4e75-ae32-f7bf99dd00e6}</UniqueIdentifier>
    </Filter>
    <Filter Include="Header Files\Audio">
      <UniqueIdentifier>{5b04bbd3-4f01-468c-941a-53d47d73f971}</UniqueIdentifier>
    </Filter>
    <Filter Include="Source Files\Audio">
      <UniqueIdentifier>{7e0d4a9d-4864-4a2a-8f38-69664720bf12}</UniqueIdentifier>
    </Filter>
    <Filter Include="Source Files\Threading">
      <UniqueIdentifier>{453faf6a-63d6-41ca-a5d4-78afc7b19b3f}</UniqueIdentifier>
    </Filter>
    <Filter Include="Header Files\Profiling">
      <UniqueIdentifier>{6afdb67f-c8e0-41b6-8ba0-bc2458084302}</UniqueIdentifier>
    </Filter>
    <Filter Include="Header Files\Systems">
      <UniqueIdentifier>{394e2cc9-ec40-4ff2-bd89-dcdc5e4b8e57}</UniqueIdentifier>
    </Filter>
    <Filter Include="Source Files\Systems">
      <UniqueIdentifier>{f96679c4-0355-4453-ac4d-97fa3f1804fd}</UniqueIdentifier>
    </Filter>
    <Filter Include="Header Files\Components">
      <UniqueIdentifier>{8364a69b-c966-46eb-9df4-a5d150cf6724}</UniqueIdentifier>
    </Filter>
    <Filter Include="Source Files\Components">
      <UniqueIdentifier>{aba95d87-1df5-4337-abac-f882209da611}</UniqueIdentifier>
    </Filter>
    <Filter Include="Header Files\Components\Camera">
      <UniqueIdentifier>{5d4b5ccf-b7d4-49b3-8da1-a23db0de2ea1}</UniqueIdentifier>
    </Filter>
    <Filter Include="Header Files\Components\Lighting">
      <UniqueIdentifier>{8da312bb-2d57-4cc7-85d2-510aafc72a30}</UniqueIdentifier>
    </Filter>
    <Filter Include="Header Files\Components\Mesh">
      <UniqueIdentifier>{56600b14-f215-4b72-a575-3d3947425d68}</UniqueIdentifier>
    </Filter>
    <Filter Include="Header Files\Components\Transform">
      <UniqueIdentifier>{f09aa514-3778-4967-b1ad-231ae89c2f4f}</UniqueIdentifier>
    </Filter>
    <Filter Include="Header Files\ECS">
      <UniqueIdentifier>{1ff43e06-6696-421a-8f7b-f95b72dcd46f}</UniqueIdentifier>
    </Filter>
    <Filter Include="Source Files\ECS">
      <UniqueIdentifier>{163abe37-0aeb-4662-8e72-16ddf35641ff}</UniqueIdentifier>
    </Filter>
    <Filter Include="Source Files\Systems\Camera">
      <UniqueIdentifier>{6c368074-d232-4556-ad9c-83af251c7512}</UniqueIdentifier>
    </Filter>
    <Filter Include="Header Files\Systems\Camera">
      <UniqueIdentifier>{342ee1d6-9df3-4abc-ba82-3c20a4e96e56}</UniqueIdentifier>
    </Filter>
    <Filter Include="Source Files\Systems\Mesh">
      <UniqueIdentifier>{34fa93e6-0f3f-4f47-ba1b-c3393633eda0}</UniqueIdentifier>
    </Filter>
    <Filter Include="Header Files\Systems\Mesh">
      <UniqueIdentifier>{6856c570-9e15-40d6-bd32-9b601fe91823}</UniqueIdentifier>
    </Filter>
    <Filter Include="Header Files\Systems\Transform">
      <UniqueIdentifier>{707e755f-aa96-4cca-8087-961c4abc43cd}</UniqueIdentifier>
    </Filter>
    <Filter Include="Source Files\Systems\Transform">
      <UniqueIdentifier>{bec8ec28-7c89-4fb4-8b35-9296de1cf637}</UniqueIdentifier>
    </Filter>
    <Filter Include="Header Files\Systems\Render">
      <UniqueIdentifier>{d0e5e3a3-0c34-4021-b0e0-4d78921b1625}</UniqueIdentifier>
    </Filter>
    <Filter Include="Source Files\Systems\Render">
      <UniqueIdentifier>{3a31e629-9b8b-4ead-9458-e47f9e8c4d03}</UniqueIdentifier>
    </Filter>
    <Filter Include="Source Files\Profiling">
      <UniqueIdentifier>{2c5872ae-4eb0-4115-8399-fab951cf7bbf}</UniqueIdentifier>
    </Filter>
  </ItemGroup>
  <ItemGroup>
    <ClCompile Include="Engine\Engine.cpp">
      <Filter>Source Files\Engine</Filter>
    </ClCompile>
    <ClCompile Include="Windowing\Sdl\SdlWindow.cpp">
      <Filter>Source Files\Windowing\Sdl</Filter>
    </ClCompile>
    <ClCompile Include="Platform\Sdl\SdlPlatform.cpp">
      <Filter>Source Files\Platform\Sdl</Filter>
    </ClCompile>
    <ClCompile Include="Engine\Logging.cpp">
      <Filter>Source Files\Engine</Filter>
    </ClCompile>
    <ClCompile Include="Windowing\Window.cpp">
      <Filter>Source Files\Windowing</Filter>
    </ClCompile>
    <ClCompile Include="Graphics\Vulkan\VulkanGraphics.cpp">
      <Filter>Source Files\Graphics\Vulkan</Filter>
    </ClCompile>
    <ClCompile Include="Graphics\Vulkan\VulkanExtensions.cpp">
      <Filter>Source Files\Graphics\Vulkan</Filter>
    </ClCompile>
    <ClCompile Include="Graphics\Vulkan\VulkanDeviceInfo.cpp">
      <Filter>Source Files\Graphics\Vulkan</Filter>
    </ClCompile>
    <ClCompile Include="Graphics\Vulkan\VulkanExtensionInfo.cpp">
      <Filter>Source Files\Graphics\Vulkan</Filter>
    </ClCompile>
    <ClCompile Include="Graphics\Vulkan\VulkanShader.cpp">
      <Filter>Source Files\Graphics\Vulkan</Filter>
    </ClCompile>
    <ClCompile Include="Graphics\Vulkan\VulkanRenderPass.cpp">
      <Filter>Source Files\Graphics\Vulkan</Filter>
    </ClCompile>
    <ClCompile Include="Graphics\GraphicsRenderPass.cpp">
      <Filter>Source Files\Graphics</Filter>
    </ClCompile>
    <ClCompile Include="Graphics\Vulkan\VulkanFramebuffer.cpp">
      <Filter>Source Files\Graphics\Vulkan</Filter>
    </ClCompile>
    <ClCompile Include="Graphics\Vulkan\VulkanPipeline.cpp">
      <Filter>Source Files\Graphics\Vulkan</Filter>
    </ClCompile>
    <ClCompile Include="Graphics\GraphicsPipeline.cpp">
      <Filter>Source Files\Graphics</Filter>
    </ClCompile>
    <ClCompile Include="Graphics\Vulkan\VulkanImageView.cpp">
      <Filter>Source Files\Graphics\Vulkan</Filter>
    </ClCompile>
    <ClCompile Include="Graphics\Vulkan\VulkanImage.cpp">
      <Filter>Source Files\Graphics\Vulkan</Filter>
    </ClCompile>
    <ClCompile Include="Graphics\Vulkan\VulkanCommandBufferPool.cpp">
      <Filter>Source Files\Graphics\Vulkan</Filter>
    </ClCompile>
    <ClCompile Include="Graphics\Vulkan\VulkanCommandBuffer.cpp">
      <Filter>Source Files\Graphics\Vulkan</Filter>
    </ClCompile>
    <ClCompile Include="Graphics\GraphicsVertexBuffer.cpp">
      <Filter>Source Files\Graphics</Filter>
    </ClCompile>
    <ClCompile Include="Graphics\Vulkan\VulkanVertexBuffer.cpp">
      <Filter>Source Files\Graphics\Vulkan</Filter>
    </ClCompile>
    <ClCompile Include="Graphics\Vulkan\VulkanEnums.cpp">
      <Filter>Source Files\Graphics\Vulkan</Filter>
    </ClCompile>
    <ClCompile Include="Graphics\Vulkan\VulkanMemoryAllocator.cpp">
      <Filter>Source Files\Graphics\Vulkan</Filter>
    </ClCompile>
    <ClCompile Include="Graphics\Vulkan\VulkanIndexBuffer.cpp">
      <Filter>Source Files\Graphics\Vulkan</Filter>
    </ClCompile>
    <ClCompile Include="Graphics\Vulkan\VulkanResourceSetPool.cpp">
      <Filter>Source Files\Graphics\Vulkan</Filter>
    </ClCompile>
    <ClCompile Include="Graphics\GraphicsResourceSetPool.cpp">
      <Filter>Source Files\Graphics</Filter>
    </ClCompile>
    <ClCompile Include="Graphics\Vulkan\VulkanResourceSet.cpp">
      <Filter>Source Files\Graphics\Vulkan</Filter>
    </ClCompile>
    <ClCompile Include="Graphics\Vulkan\VulkanUniformBuffer.cpp">
      <Filter>Source Files\Graphics\Vulkan</Filter>
    </ClCompile>
    <ClCompile Include="Graphics\Vulkan\VulkanSampler.cpp">
      <Filter>Source Files\Graphics\Vulkan</Filter>
    </ClCompile>
    <ClCompile Include="Rendering\Renderer.cpp">
      <Filter>Source Files\Rendering</Filter>
    </ClCompile>
    <ClCompile Include="Input\Input.cpp">
      <Filter>Source Files\Input</Filter>
    </ClCompile>
    <ClCompile Include="Input\Sdl\SdlInput.cpp">
      <Filter>Source Files\Input\Sdl</Filter>
    </ClCompile>
    <ClCompile Include="Engine\GameInstance.cpp">
      <Filter>Source Files\Engine</Filter>
    </ClCompile>
    <ClCompile Include="Utilities\File.cpp">
      <Filter>Source Files\Utilities</Filter>
    </ClCompile>
    <ClCompile Include="Resources\ResourceManager.cpp">
      <Filter>Source Files\Resources</Filter>
    </ClCompile>
    <ClCompile Include="Resources\Types\TextureResourceLoader.cpp">
      <Filter>Source Files\Resources\Types</Filter>
    </ClCompile>
    <ClCompile Include="Types\String.cpp">
      <Filter>Source Files\Types</Filter>
    </ClCompile>
    <ClCompile Include="Resources\Types\Texture.cpp">
      <Filter>Source Files\Resources\Types</Filter>
    </ClCompile>
    <ClCompile Include="Resources\Types\Shader.cpp">
      <Filter>Source Files\Resources\Types</Filter>
    </ClCompile>
    <ClCompile Include="Resources\Types\ShaderResourceLoader.cpp">
      <Filter>Source Files\Resources\Types</Filter>
    </ClCompile>
    <ClCompile Include="Utilities\Enum.cpp">
      <Filter>Source Files\Utilities</Filter>
    </ClCompile>
    <ClCompile Include="Graphics\GraphicsEnums.cpp">
      <Filter>Source Files\Graphics</Filter>
    </ClCompile>
    <ClCompile Include="Resources\Types\Material.cpp">
      <Filter>Source Files\Resources\Types</Filter>
    </ClCompile>
    <ClCompile Include="Resources\Types\MaterialResourceLoader.cpp">
      <Filter>Source Files\Resources\Types</Filter>
    </ClCompile>
    <ClCompile Include="Resources\Types\Model.cpp">
      <Filter>Source Files\Resources\Types</Filter>
    </ClCompile>
    <ClCompile Include="Resources\Types\ModelResourceLoader.cpp">
      <Filter>Source Files\Resources\Types</Filter>
    </ClCompile>
    <ClCompile Include="Rendering\RenderView.cpp">
      <Filter>Source Files\Rendering</Filter>
    </ClCompile>
    <ClCompile Include="ThirdParty\imgui\imgui.cpp">
      <Filter>Source Files\ThirdParty\imgui</Filter>
    </ClCompile>
    <ClCompile Include="ThirdParty\imgui\imgui_demo.cpp">
      <Filter>Source Files\ThirdParty\imgui</Filter>
    </ClCompile>
    <ClCompile Include="ThirdParty\imgui\imgui_draw.cpp">
      <Filter>Source Files\ThirdParty\imgui</Filter>
    </ClCompile>
    <ClCompile Include="UI\ImguiManager.cpp">
      <Filter>Source Files\UI</Filter>
    </ClCompile>
    <ClCompile Include="Rendering\RendererEnums.cpp">
      <Filter>Source Files\Rendering</Filter>
    </ClCompile>
    <ClCompile Include="Types\Math.cpp">
      <Filter>Source Files\Types</Filter>
    </ClCompile>
    <ClCompile Include="Threading\TaskManager.cpp">
      <Filter>Source Files\Threading</Filter>
    </ClCompile>
    <ClCompile Include="Types\Timeout.cpp">
      <Filter>Source Files\Types</Filter>
    </ClCompile>
    <ClCompile Include="Types\Vector.cpp">
      <Filter>Source Files\Types</Filter>
    </ClCompile>
    <ClCompile Include="Types\Quaternion.cpp">
      <Filter>Source Files\Types</Filter>
    </ClCompile>
    <ClCompile Include="Types\Matrix.cpp">
      <Filter>Source Files\Types</Filter>
    </ClCompile>
    <ClCompile Include="Pch.cpp">
      <Filter>Source Files</Filter>
    </ClCompile>
    <ClCompile Include="Resources\Types\TextureCube.cpp">
      <Filter>Source Files\Resources\Types</Filter>
    </ClCompile>
    <ClCompile Include="Resources\Types\TextureCubeResourceLoader.cpp">
      <Filter>Source Files\Resources\Types</Filter>
    </ClCompile>
    <ClCompile Include="Types\Color.cpp">
      <Filter>Source Files\Types</Filter>
    </ClCompile>
    <ClCompile Include="Threading\ParallelFor.cpp">
      <Filter>Source Files\Threading</Filter>
    </ClCompile>
    <ClCompile Include="Rendering\UniformBufferLayout.cpp">
      <Filter>Source Files\Rendering</Filter>
    </ClCompile>
    <ClCompile Include="Utilities\Statistic.cpp">
      <Filter>Source Files\Utilities</Filter>
    </ClCompile>
    <ClCompile Include="Types\Rectangle.cpp">
      <Filter>Source Files\Types</Filter>
    </ClCompile>
    <ClCompile Include="Types\Frustum.cpp">
      <Filter>Source Files\Types</Filter>
    </ClCompile>
    <ClCompile Include="Types\OctTree.cpp">
      <Filter>Source Files\Types</Filter>
    </ClCompile>
    <ClCompile Include="Types\Sphere.cpp">
      <Filter>Source Files\Types</Filter>
    </ClCompile>
    <ClCompile Include="ECS\Aspect.cpp">
      <Filter>Source Files\ECS</Filter>
    </ClCompile>
    <ClCompile Include="ECS\AspectCollection.cpp">
      <Filter>Source Files\ECS</Filter>
    </ClCompile>
    <ClCompile Include="ECS\Component.cpp">
      <Filter>Source Files\ECS</Filter>
    </ClCompile>
    <ClCompile Include="ECS\System.cpp">
      <Filter>Source Files\ECS</Filter>
    </ClCompile>
    <ClCompile Include="ECS\World.cpp">
      <Filter>Source Files\ECS</Filter>
    </ClCompile>
    <ClCompile Include="Systems\Camera\FlyCameraMovementSystem.cpp">
      <Filter>Source Files\Systems\Camera</Filter>
    </ClCompile>
    <ClCompile Include="Systems\Mesh\MeshBoundsUpdateSystem.cpp">
      <Filter>Source Files\Systems\Mesh</Filter>
    </ClCompile>
    <ClCompile Include="Systems\Transform\TransformUtils.cpp">
      <Filter>Source Files\Systems\Transform</Filter>
    </ClCompile>
    <ClCompile Include="Systems\Transform\TransformSystem.cpp">
      <Filter>Source Files\Systems\Transform</Filter>
    </ClCompile>
    <ClCompile Include="Systems\Mesh\ModelMeshCreationSystem.cpp">
      <Filter>Source Files\Systems\Mesh</Filter>
    </ClCompile>
    <ClCompile Include="Systems\Transform\SpatialIndexSystem.cpp">
      <Filter>Source Files\Systems\Transform</Filter>
    </ClCompile>
    <ClCompile Include="Systems\Render\RenderDebugSystem.cpp">
      <Filter>Source Files\Systems\Render</Filter>
    </ClCompile>
    <ClCompile Include="Systems\Render\RenderDirectionalShadowMapSystem.cpp">
      <Filter>Source Files\Systems\Render</Filter>
    </ClCompile>
    <ClCompile Include="Systems\Render\RenderCameraViewSystem.cpp">
      <Filter>Source Files\Systems\Render</Filter>
    </ClCompile>
    <ClCompile Include="Rendering\MeshBatcher.cpp">
      <Filter>Source Files\Rendering</Filter>
    </ClCompile>
    <ClCompile Include="Rendering\RenderPropertyCollection.cpp">
      <Filter>Header Files\Rendering</Filter>
    </ClCompile>
    <ClCompile Include="Rendering\MeshRenderState.cpp">
      <Filter>Header Files\Rendering</Filter>
    </ClCompile>
    <ClCompile Include="Rendering\MaterialResourceSet.cpp">
      <Filter>Source Files\Rendering</Filter>
    </ClCompile>
    <ClCompile Include="Rendering\RenderProperty.cpp">
      <Filter>Source Files\Rendering</Filter>
    </ClCompile>
    <ClCompile Include="Profiling\Profiling.cpp">
      <Filter>Source Files\Profiling</Filter>
    </ClCompile>
    <ClCompile Include="Systems\Mesh\MeshRenderStateUpdateSystem.cpp">
      <Filter>Source Files\Systems\Mesh</Filter>
    </ClCompile>
    <ClCompile Include="Systems\Render\RenderCameraViewShadowMaskSystem.cpp">
      <Filter>Source Files\Systems\Render</Filter>
    </ClCompile>
  </ItemGroup>
  <ItemGroup>
    <ClInclude Include="Engine\Engine.h">
      <Filter>Header Files\Engine</Filter>
    </ClInclude>
    <ClInclude Include="Windowing\Window.h">
      <Filter>Header Files\Windowing</Filter>
    </ClInclude>
    <ClInclude Include="Windowing\Sdl\SdlWindow.h">
      <Filter>Header Files\Windowing\Sdl</Filter>
    </ClInclude>
    <ClInclude Include="Platform\Platform.h">
      <Filter>Header Files\Platform</Filter>
    </ClInclude>
    <ClInclude Include="Platform\Sdl\SdlPlatform.h">
      <Filter>Header Files\Platform\Sdl</Filter>
    </ClInclude>
    <ClInclude Include="Engine\Logging.h">
      <Filter>Header Files\Engine</Filter>
    </ClInclude>
    <ClInclude Include="Build.h">
      <Filter>Header Files</Filter>
    </ClInclude>
    <ClInclude Include="Graphics\Graphics.h">
      <Filter>Header Files\Graphics</Filter>
    </ClInclude>
    <ClInclude Include="Graphics\Vulkan\VulkanGraphics.h">
      <Filter>Header Files\Graphics\Vulkan</Filter>
    </ClInclude>
    <ClInclude Include="Types\String.h">
      <Filter>Header Files\Types</Filter>
    </ClInclude>
    <ClInclude Include="Types\Array.h">
      <Filter>Header Files\Types</Filter>
    </ClInclude>
    <ClInclude Include="Graphics\Vulkan\VulkanExtensions.h">
      <Filter>Header Files\Graphics\Vulkan</Filter>
    </ClInclude>
    <ClInclude Include="Graphics\Vulkan\VulkanDeviceInfo.h">
      <Filter>Header Files\Graphics\Vulkan</Filter>
    </ClInclude>
    <ClInclude Include="Graphics\Vulkan\VulkanExtensionInfo.h">
      <Filter>Header Files\Graphics\Vulkan</Filter>
    </ClInclude>
    <ClInclude Include="Graphics\GraphicsPipeline.h">
      <Filter>Header Files\Graphics</Filter>
    </ClInclude>
    <ClInclude Include="Graphics\GraphicsShader.h">
      <Filter>Header Files\Graphics</Filter>
    </ClInclude>
    <ClInclude Include="Graphics\Vulkan\VulkanShader.h">
      <Filter>Header Files\Graphics\Vulkan</Filter>
    </ClInclude>
    <ClInclude Include="Graphics\GraphicsRenderPass.h">
      <Filter>Header Files\Graphics</Filter>
    </ClInclude>
    <ClInclude Include="Graphics\Vulkan\VulkanRenderPass.h">
      <Filter>Header Files\Graphics\Vulkan</Filter>
    </ClInclude>
    <ClInclude Include="Graphics\GraphicsFramebuffer.h">
      <Filter>Header Files\Graphics</Filter>
    </ClInclude>
    <ClInclude Include="Graphics\Vulkan\VulkanFramebuffer.h">
      <Filter>Header Files\Graphics\Vulkan</Filter>
    </ClInclude>
    <ClInclude Include="Graphics\Vulkan\VulkanPipeline.h">
      <Filter>Header Files\Graphics\Vulkan</Filter>
    </ClInclude>
    <ClInclude Include="Graphics\Vulkan\VulkanImageView.h">
      <Filter>Header Files\Graphics\Vulkan</Filter>
    </ClInclude>
    <ClInclude Include="Graphics\GraphicsImageView.h">
      <Filter>Header Files\Graphics</Filter>
    </ClInclude>
    <ClInclude Include="Graphics\GraphicsImage.h">
      <Filter>Header Files\Graphics</Filter>
    </ClInclude>
    <ClInclude Include="Graphics\Vulkan\VulkanImage.h">
      <Filter>Header Files\Graphics\Vulkan</Filter>
    </ClInclude>
    <ClInclude Include="Graphics\GraphicsCommandBufferPool.h">
      <Filter>Header Files\Graphics</Filter>
    </ClInclude>
    <ClInclude Include="Graphics\GraphicsCommandBuffer.h">
      <Filter>Header Files\Graphics</Filter>
    </ClInclude>
    <ClInclude Include="Graphics\Vulkan\VulkanCommandBufferPool.h">
      <Filter>Header Files\Graphics\Vulkan</Filter>
    </ClInclude>
    <ClInclude Include="Graphics\Vulkan\VulkanCommandBuffer.h">
      <Filter>Header Files\Graphics\Vulkan</Filter>
    </ClInclude>
    <ClInclude Include="Graphics\GraphicsVertexBuffer.h">
      <Filter>Header Files\Graphics</Filter>
    </ClInclude>
    <ClInclude Include="Graphics\Vulkan\VulkanVertexBuffer.h">
      <Filter>Header Files\Graphics\Vulkan</Filter>
    </ClInclude>
    <ClInclude Include="Graphics\GraphicsEnums.h">
      <Filter>Header Files\Graphics</Filter>
    </ClInclude>
    <ClInclude Include="Graphics\Vulkan\VulkanEnums.h">
      <Filter>Header Files\Graphics\Vulkan</Filter>
    </ClInclude>
    <ClInclude Include="Graphics\Vulkan\VulkanMemoryAllocator.h">
      <Filter>Header Files\Graphics\Vulkan</Filter>
    </ClInclude>
    <ClInclude Include="Graphics\GraphicsIndexBuffer.h">
      <Filter>Header Files\Graphics</Filter>
    </ClInclude>
    <ClInclude Include="Graphics\Vulkan\VulkanIndexBuffer.h">
      <Filter>Header Files\Graphics\Vulkan</Filter>
    </ClInclude>
    <ClInclude Include="Graphics\GraphicsResourceSetPool.h">
      <Filter>Header Files\Graphics</Filter>
    </ClInclude>
    <ClInclude Include="Graphics\GraphicsResourceSet.h">
      <Filter>Header Files\Graphics</Filter>
    </ClInclude>
    <ClInclude Include="Graphics\Vulkan\VulkanResourceSetPool.h">
      <Filter>Header Files\Graphics\Vulkan</Filter>
    </ClInclude>
    <ClInclude Include="Graphics\Vulkan\VulkanResourceSet.h">
      <Filter>Header Files\Graphics\Vulkan</Filter>
    </ClInclude>
    <ClInclude Include="Graphics\GraphicsUniformBuffer.h">
      <Filter>Header Files\Graphics</Filter>
    </ClInclude>
    <ClInclude Include="Graphics\Vulkan\VulkanUniformBuffer.h">
      <Filter>Header Files\Graphics\Vulkan</Filter>
    </ClInclude>
    <ClInclude Include="Types\Color.h">
      <Filter>Header Files\Types</Filter>
    </ClInclude>
    <ClInclude Include="Graphics\GraphicsSampler.h">
      <Filter>Header Files\Graphics</Filter>
    </ClInclude>
    <ClInclude Include="Graphics\Vulkan\VulkanSampler.h">
      <Filter>Header Files\Graphics\Vulkan</Filter>
    </ClInclude>
    <ClInclude Include="Input\Input.h">
      <Filter>Header Files\Input</Filter>
    </ClInclude>
    <ClInclude Include="Input\Sdl\SdlInput.h">
      <Filter>Header Files\Input\Sdl</Filter>
    </ClInclude>
    <ClInclude Include="Engine\GameInstance.h">
      <Filter>Header Files\Engine</Filter>
    </ClInclude>
    <ClInclude Include="Types\Math.h">
      <Filter>Header Files\Types</Filter>
    </ClInclude>
    <ClInclude Include="Utilities\File.h">
      <Filter>Header Files\Utilities</Filter>
    </ClInclude>
    <ClInclude Include="Resources\ResourceManager.h">
      <Filter>Header Files\Resources</Filter>
    </ClInclude>
    <ClInclude Include="Resources\ResourceLoader.h">
      <Filter>Header Files\Resources</Filter>
    </ClInclude>
    <ClInclude Include="Resources\Resource.h">
      <Filter>Header Files\Resources</Filter>
    </ClInclude>
    <ClInclude Include="Resources\Types\Texture.h">
      <Filter>Header Files\Resources\Types</Filter>
    </ClInclude>
    <ClInclude Include="Resources\Types\TextureResourceLoader.h">
      <Filter>Header Files\Resources\Types</Filter>
    </ClInclude>
    <ClInclude Include="Rendering\Renderer.h">
      <Filter>Header Files\Rendering</Filter>
    </ClInclude>
    <ClInclude Include="Types\Dictionary.h">
      <Filter>Header Files\Types</Filter>
    </ClInclude>
    <ClInclude Include="Threading\Semaphore.h">
      <Filter>Header Files\Threading</Filter>
    </ClInclude>
    <ClInclude Include="Types\Queue.h">
      <Filter>Header Files\Types</Filter>
    </ClInclude>
    <ClInclude Include="Utilities\Json.h">
      <Filter>Header Files\Utilities</Filter>
    </ClInclude>
    <ClInclude Include="Resources\Types\Shader.h">
      <Filter>Header Files\Resources\Types</Filter>
    </ClInclude>
    <ClInclude Include="Resources\Types\ShaderResourceLoader.h">
      <Filter>Header Files\Resources\Types</Filter>
    </ClInclude>
    <ClInclude Include="Utilities\Enum.h">
      <Filter>Header Files\Utilities</Filter>
    </ClInclude>
    <ClInclude Include="Graphics\EGraphicsPipelineStage.inc">
      <Filter>Header Files\Graphics</Filter>
    </ClInclude>
    <ClInclude Include="Utilities\EnumImplementation.h">
      <Filter>Header Files\Utilities</Filter>
    </ClInclude>
    <ClInclude Include="Resources\Types\MaterialResourceLoader.h">
      <Filter>Header Files\Resources\Types</Filter>
    </ClInclude>
    <ClInclude Include="Resources\Types\Material.h">
      <Filter>Header Files\Resources\Types</Filter>
    </ClInclude>
    <ClInclude Include="Resources\Types\Model.h">
      <Filter>Header Files\Resources\Types</Filter>
    </ClInclude>
    <ClInclude Include="Resources\Types\ModelResourceLoader.h">
      <Filter>Header Files\Resources\Types</Filter>
    </ClInclude>
    <ClInclude Include="Rendering\RenderView.h">
      <Filter>Header Files\Rendering</Filter>
    </ClInclude>
    <ClInclude Include="Engine\FrameTime.h">
      <Filter>Header Files\Engine</Filter>
    </ClInclude>
    <ClInclude Include="ThirdParty\imgui\imconfig.h">
      <Filter>Header Files\ThirdParty\imgui</Filter>
    </ClInclude>
    <ClInclude Include="ThirdParty\imgui\imgui.h">
      <Filter>Header Files\ThirdParty\imgui</Filter>
    </ClInclude>
    <ClInclude Include="ThirdParty\imgui\imgui_internal.h">
      <Filter>Header Files\ThirdParty\imgui</Filter>
    </ClInclude>
    <ClInclude Include="UI\ImguiManager.h">
      <Filter>Header Files\UI</Filter>
    </ClInclude>
    <ClInclude Include="Rendering\RendererEnums.h">
      <Filter>Header Files\Rendering</Filter>
    </ClInclude>
    <ClInclude Include="Graphics\Vulkan\VulkanResource.h">
      <Filter>Header Files\Graphics\Vulkan</Filter>
    </ClInclude>
    <ClInclude Include="Threading\TaskManager.h">
      <Filter>Header Files\Threading</Filter>
    </ClInclude>
    <ClInclude Include="Threading\ParallelFor.h">
      <Filter>Header Files\Threading</Filter>
    </ClInclude>
    <ClInclude Include="Threading\Async.h">
      <Filter>Header Files\Threading</Filter>
    </ClInclude>
    <ClInclude Include="Types\Timeout.h">
      <Filter>Header Files\Types</Filter>
    </ClInclude>
    <ClInclude Include="Types\Vector.h">
      <Filter>Header Files\Types</Filter>
    </ClInclude>
    <ClInclude Include="Types\Quaternion.h">
      <Filter>Header Files\Types</Filter>
    </ClInclude>
    <ClInclude Include="Types\Matrix.h">
      <Filter>Header Files\Types</Filter>
    </ClInclude>
    <ClInclude Include="Types\Frustum.h">
      <Filter>Header Files\Types</Filter>
    </ClInclude>
    <ClInclude Include="Types\Rectangle.h">
      <Filter>Header Files\Types</Filter>
    </ClInclude>
    <ClInclude Include="Types\Vector2.h">
      <Filter>Header Files\Types</Filter>
    </ClInclude>
    <ClInclude Include="Types\Vector3.h">
      <Filter>Header Files\Types</Filter>
    </ClInclude>
    <ClInclude Include="Types\Vector4.h">
      <Filter>Header Files\Types</Filter>
    </ClInclude>
    <ClInclude Include="Types\Matrix2.h">
      <Filter>Header Files\Types</Filter>
    </ClInclude>
    <ClInclude Include="Types\Matrix3.h">
      <Filter>Header Files\Types</Filter>
    </ClInclude>
    <ClInclude Include="Types\Matrix4.h">
      <Filter>Header Files\Types</Filter>
    </ClInclude>
    <ClInclude Include="Types\Plane.h">
      <Filter>Header Files\Types</Filter>
    </ClInclude>
    <ClInclude Include="Pch.h">
      <Filter>Header Files</Filter>
    </ClInclude>
    <ClInclude Include="Types\Bounds.h">
      <Filter>Header Files\Types</Filter>
    </ClInclude>
    <ClInclude Include="Types\OrientedBounds.h">
      <Filter>Header Files\Types</Filter>
    </ClInclude>
    <ClInclude Include="Resources\Types\TextureCube.h">
      <Filter>Header Files\Resources\Types</Filter>
    </ClInclude>
    <ClInclude Include="Resources\Types\TextureCubeResourceLoader.h">
      <Filter>Header Files\Resources\Types</Filter>
    </ClInclude>
    <ClInclude Include="Profiling\Profiling.h">
      <Filter>Header Files\Profiling</Filter>
    </ClInclude>
    <ClInclude Include="Threading\Event.h">
      <Filter>Header Files\Threading</Filter>
    </ClInclude>
    <ClInclude Include="Types\Set.h">
      <Filter>Header Files\Types</Filter>
    </ClInclude>
    <ClInclude Include="Rendering\UniformBufferLayout.h">
      <Filter>Header Files\Rendering</Filter>
    </ClInclude>
    <ClInclude Include="Types\Hash.h">
      <Filter>Header Files\Types</Filter>
    </ClInclude>
    <ClInclude Include="Utilities\Statistic.h">
      <Filter>Header Files\Utilities</Filter>
    </ClInclude>
    <ClInclude Include="Types\OctTree.h">
      <Filter>Header Files\Types</Filter>
    </ClInclude>
    <ClInclude Include="Types\Sphere.h">
      <Filter>Header Files\Types</Filter>
    </ClInclude>
    <ClInclude Include="ECS\Aspect.h">
      <Filter>Header Files\ECS</Filter>
    </ClInclude>
    <ClInclude Include="ECS\AspectCollection.h">
      <Filter>Header Files\ECS</Filter>
    </ClInclude>
    <ClInclude Include="ECS\Component.h">
      <Filter>Header Files\ECS</Filter>
    </ClInclude>
    <ClInclude Include="ECS\ComponentPool.h">
      <Filter>Header Files\ECS</Filter>
    </ClInclude>
    <ClInclude Include="ECS\MessageQueue.h">
      <Filter>Header Files\ECS</Filter>
    </ClInclude>
    <ClInclude Include="ECS\System.h">
      <Filter>Header Files\ECS</Filter>
    </ClInclude>
    <ClInclude Include="ECS\World.h">
      <Filter>Header Files\ECS</Filter>
    </ClInclude>
    <ClInclude Include="Components\Camera\CameraViewComponent.h">
      <Filter>Header Files\Components\Camera</Filter>
    </ClInclude>
    <ClInclude Include="Components\Camera\FlyCameraComponent.h">
      <Filter>Header Files\Components\Camera</Filter>
    </ClInclude>
    <ClInclude Include="Components\Lighting\DirectionalLightComponent.h">
      <Filter>Header Files\Components\Lighting</Filter>
    </ClInclude>
    <ClInclude Include="Components\Mesh\MeshComponent.h">
      <Filter>Header Files\Components\Mesh</Filter>
    </ClInclude>
    <ClInclude Include="Components\Transform\TransformComponent.h">
      <Filter>Header Files\Components\Transform</Filter>
    </ClInclude>
    <ClInclude Include="Systems\Camera\FlyCameraMovementSystem.h">
      <Filter>Header Files\Systems\Camera</Filter>
    </ClInclude>
    <ClInclude Include="Systems\Mesh\MeshBoundsUpdateSystem.h">
      <Filter>Header Files\Systems\Mesh</Filter>
    </ClInclude>
    <ClInclude Include="Systems\Transform\TransformSystem.h">
      <Filter>Header Files\Systems\Transform</Filter>
    </ClInclude>
    <ClInclude Include="Systems\Transform\TransformUtils.h">
      <Filter>Header Files\Systems\Transform</Filter>
    </ClInclude>
    <ClInclude Include="Components\Transform\BoundsComponent.h">
      <Filter>Header Files\Components\Transform</Filter>
    </ClInclude>
    <ClInclude Include="Components\Mesh\ModelComponent.h">
      <Filter>Header Files\Components\Mesh</Filter>
    </ClInclude>
    <ClInclude Include="Systems\Mesh\ModelMeshCreationSystem.h">
      <Filter>Header Files\Systems\Mesh</Filter>
    </ClInclude>
    <ClInclude Include="Systems\Transform\SpatialIndexSystem.h">
      <Filter>Header Files\Systems\Transform</Filter>
    </ClInclude>
    <ClInclude Include="Types\HashArray.h">
      <Filter>Header Files\Types</Filter>
    </ClInclude>
    <ClInclude Include="Systems\Render\RenderDirectionalShadowMapSystem.h">
      <Filter>Header Files\Systems\Render</Filter>
    </ClInclude>
    <ClInclude Include="Systems\Render\RenderDebugSystem.h">
      <Filter>Header Files\Systems\Render</Filter>
    </ClInclude>
    <ClInclude Include="Systems\Render\RenderCameraViewSystem.h">
      <Filter>Header Files\Systems\Render</Filter>
    </ClInclude>
    <ClInclude Include="Rendering\MeshBatcher.h">
      <Filter>Header Files\Rendering</Filter>
    </ClInclude>
    <ClInclude Include="Rendering\RenderPropertyCollection.h">
      <Filter>Header Files\Rendering</Filter>
    </ClInclude>
    <ClInclude Include="Rendering\MeshRenderState.h">
      <Filter>Header Files\Rendering</Filter>
    </ClInclude>
    <ClInclude Include="Rendering\RenderPropertyHeirarchy.h">
      <Filter>Header Files\Rendering</Filter>
    </ClInclude>
    <ClInclude Include="Rendering\MaterialResourceSet.h">
      <Filter>Header Files\Rendering</Filter>
    </ClInclude>
    <ClInclude Include="Rendering\RenderProperty.h">
      <Filter>Header Files\Rendering</Filter>
    </ClInclude>
    <ClInclude Include="Types\Mutex.h">
      <Filter>Header Files\Types</Filter>
    </ClInclude>
    <ClInclude Include="Types\FixedList.h">
      <Filter>Header Files\Types</Filter>
    </ClInclude>
    <ClInclude Include="Systems\Mesh\MeshRenderStateUpdateSystem.h">
      <Filter>Header Files\Systems\Mesh</Filter>
    </ClInclude>
    <ClInclude Include="Systems\Render\RenderCameraViewShadowMaskSystem.h">
      <Filter>Header Files\Systems\Render</Filter>
    </ClInclude>
  </ItemGroup>
  <ItemGroup>
    <None Include="Graphics\EGraphicsAccessMask.inc">
      <Filter>Header Files\Graphics</Filter>
    </None>
    <None Include="Graphics\EGraphicsAddressMode.inc">
      <Filter>Header Files\Graphics</Filter>
    </None>
    <None Include="Graphics\EGraphicsBindingFormat.inc">
      <Filter>Header Files\Graphics</Filter>
    </None>
    <None Include="Graphics\EGraphicsBindingType.inc">
      <Filter>Header Files\Graphics</Filter>
    </None>
    <None Include="Graphics\EGraphicsFilter.inc">
      <Filter>Header Files\Graphics</Filter>
    </None>
    <None Include="Graphics\EGraphicsFormat.inc">
      <Filter>Header Files\Graphics</Filter>
    </None>
    <None Include="Graphics\EGraphicsMipMapMode.inc">
      <Filter>Header Files\Graphics</Filter>
    </None>
    <None Include="Graphics\EGraphicsPresentMode.inc">
      <Filter>Header Files\Graphics</Filter>
    </None>
    <None Include="Engine\ELogSeverity.inc">
      <Filter>Header Files\Engine</Filter>
    </None>
    <None Include="Engine\ELogCategory.inc">
      <Filter>Header Files\Engine</Filter>
    </None>
    <None Include="Resources\Types\EShaderVertexStreamBinding.inc">
      <Filter>Header Files\Resources\Types</Filter>
    </None>
    <None Include="Graphics\EGraphicsBlendFactor.inc">
      <Filter>Header Files\Graphics</Filter>
    </None>
    <None Include="Graphics\EGraphicsBlendOp.inc">
      <Filter>Header Files\Graphics</Filter>
    </None>
    <None Include="Graphics\EGraphicsCullMode.inc">
      <Filter>Header Files\Graphics</Filter>
    </None>
    <None Include="Graphics\EGraphicsDepthCompareOp.inc">
      <Filter>Header Files\Graphics</Filter>
    </None>
    <None Include="Graphics\EGraphicsFaceWindingOrder.inc">
      <Filter>Header Files\Graphics</Filter>
    </None>
    <None Include="Graphics\EGraphicsPolygonMode.inc">
      <Filter>Header Files\Graphics</Filter>
    </None>
    <None Include="Graphics\EGraphicsStencilTestCompareOp.inc">
      <Filter>Header Files\Graphics</Filter>
    </None>
    <None Include="Graphics\EGraphicsStencilTestOp.inc">
      <Filter>Header Files\Graphics</Filter>
    </None>
    <None Include="Rendering\EFrameBufferTarget.inc">
      <Filter>Header Files\Rendering</Filter>
    </None>
    <None Include="Graphics\EGraphicsPrimitiveType.inc">
      <Filter>Header Files\Graphics</Filter>
    </None>
    <None Include="Graphics\EGraphicsUsage.inc">
      <Filter>Header Files\Graphics</Filter>
    </None>
    <None Include="Graphics\EGraphicsBindingFrequency.inc">
      <Filter>Header Files\Graphics</Filter>
    </None>
    <None Include="Rendering\RendererHashes.inc">
      <Filter>Header Files\Rendering</Filter>
    </None>
  </ItemGroup>
</Project>